Microsoft Visual Studio Solution File, Format Version 12.00
# Visual Studio Version 17
VisualStudioVersion = 17.5.2.0
MinimumVisualStudioVersion = 10.0.40219.1
Project("{FAE04EC0-301F-11D3-BF4B-00C04F79EFBC}") = "Api", "Api\Api.csproj", "{CBFA08EA-AECE-205F-7B85-326FD0B81BAD}"
EndProject
Project("{FAE04EC0-301F-11D3-BF4B-00C04F79EFBC}") = "Base", "Base\Base.csproj", "{379B3619-C146-7095-6D47-8AF5F1F2DDAF}"
EndProject
Project("{FAE04EC0-301F-11D3-BF4B-00C04F79EFBC}") = "Schema", "Schema\Schema.csproj", "{843E90CB-1233-4A8C-AF3C-45B22BC43387}"
EndProject
Global
	GlobalSection(SolutionConfigurationPlatforms) = preSolution
		Debug|Any CPU = Debug|Any CPU
		Release|Any CPU = Release|Any CPU
	EndGlobalSection
	GlobalSection(ProjectConfigurationPlatforms) = postSolution
		{CBFA08EA-AECE-205F-7B85-326FD0B81BAD}.Debug|Any CPU.ActiveCfg = Debug|Any CPU
		{CBFA08EA-AECE-205F-7B85-326FD0B81BAD}.Debug|Any CPU.Build.0 = Debug|Any CPU
		{CBFA08EA-AECE-205F-7B85-326FD0B81BAD}.Release|Any CPU.ActiveCfg = Release|Any CPU
		{CBFA08EA-AECE-205F-7B85-326FD0B81BAD}.Release|Any CPU.Build.0 = Release|Any CPU
		{379B3619-C146-7095-6D47-8AF5F1F2DDAF}.Debug|Any CPU.ActiveCfg = Debug|Any CPU
		{379B3619-C146-7095-6D47-8AF5F1F2DDAF}.Debug|Any CPU.Build.0 = Debug|Any CPU
		{379B3619-C146-7095-6D47-8AF5F1F2DDAF}.Release|Any CPU.ActiveCfg = Release|Any CPU
		{379B3619-C146-7095-6D47-8AF5F1F2DDAF}.Release|Any CPU.Build.0 = Release|Any CPU
		{843E90CB-1233-4A8C-AF3C-45B22BC43387}.Debug|Any CPU.ActiveCfg = Debug|Any CPU
		{843E90CB-1233-4A8C-AF3C-45B22BC43387}.Debug|Any CPU.Build.0 = Debug|Any CPU
		{843E90CB-1233-4A8C-AF3C-45B22BC43387}.Release|Any CPU.ActiveCfg = Release|Any CPU
		{843E90CB-1233-4A8C-AF3C-45B22BC43387}.Release|Any CPU.Build.0 = Release|Any CPU
	EndGlobalSection
	GlobalSection(SolutionProperties) = preSolution
		HideSolutionNode = FALSE
	EndGlobalSection
	GlobalSection(ExtensibilityGlobals) = postSolution
		SolutionGuid = {98A12E86-8914-4CF7-8444-A22BDD5089FE}
	EndGlobalSection
EndGlobal
